
Microsoft Visual Studio Solution File, Format Version 12.00
# Visual Studio Version 16
VisualStudioVersion = 16.0.30717.126
MinimumVisualStudioVersion = 10.0.40219.1
Project("{FAE04EC0-301F-11D3-BF4B-00C04F79EFBC}") = "Animales", "Calculadora\Animales.csproj", "{C4725F0D-5953-4B4A-8714-3C45B930B6A0}"
EndProject
Project("{FAE04EC0-301F-11D3-BF4B-00C04F79EFBC}") = "ConsoleApp1", "ConsoleApp1\ConsoleApp1.csproj", "{AEBD6F60-6ADD-48A3-AA0E-C81FA00D74F5}"
EndProject
Global
	GlobalSection(SolutionConfigurationPlatforms) = preSolution
		Debug|Any CPU = Debug|Any CPU
		Release|Any CPU = Release|Any CPU
	EndGlobalSection
	GlobalSection(ProjectConfigurationPlatforms) = postSolution
		{C4725F0D-5953-4B4A-8714-3C45B930B6A0}.Debug|Any CPU.ActiveCfg = Debug|Any CPU
		{C4725F0D-5953-4B4A-8714-3C45B930B6A0}.Debug|Any CPU.Build.0 = Debug|Any CPU
		{C4725F0D-5953-4B4A-8714-3C45B930B6A0}.Release|Any CPU.ActiveCfg = Release|Any CPU
		{C4725F0D-5953-4B4A-8714-3C45B930B6A0}.Release|Any CPU.Build.0 = Release|Any CPU
		{AEBD6F60-6ADD-48A3-AA0E-C81FA00D74F5}.Debug|Any CPU.ActiveCfg = Debug|Any CPU
		{AEBD6F60-6ADD-48A3-AA0E-C81FA00D74F5}.Debug|Any CPU.Build.0 = Debug|Any CPU
		{AEBD6F60-6ADD-48A3-AA0E-C81FA00D74F5}.Release|Any CPU.ActiveCfg = Release|Any CPU
		{AEBD6F60-6ADD-48A3-AA0E-C81FA00D74F5}.Release|Any CPU.Build.0 = Release|Any CPU
	EndGlobalSection
	GlobalSection(SolutionProperties) = preSolution
		HideSolutionNode = FALSE
	EndGlobalSection
	GlobalSection(ExtensibilityGlobals) = postSolution
		SolutionGuid = {859FC63E-E0AA-4E12-A838-B42077CFB3CB}
	EndGlobalSection
EndGlobal
